{
    "_readme": [
        "This file locks the dependencies of your project to a known state",
        "Read more about it at https://getcomposer.org/doc/01-basic-usage.md#installing-dependencies",
        "This file is @generated automatically"
    ],
    "content-hash": "9724f6b98fe13e43601d3fb741d47f51",
    "packages": [
        {
            "name": "chdemko/bitarray",
            "version": "1.0.0",
            "source": {
                "type": "git",
                "url": "https://github.com/chdemko/php-bitarray.git",
                "reference": "e7627033c8ed5198da16373ac120c759732a6711"
            },
            "dist": {
                "type": "zip",
                "url": "https://api.github.com/repos/chdemko/php-bitarray/zipball/e7627033c8ed5198da16373ac120c759732a6711",
                "reference": "e7627033c8ed5198da16373ac120c759732a6711",
                "shasum": ""
            },
            "require": {
                "php": ">=5.4.0"
            },
            "require-dev": {
                "phpdocumentor/phpdocumentor": "2.5.*@dev",
                "satooshi/php-coveralls": "dev-master"
            },
            "type": "library",
            "extra": {
                "branch-alias": {
                    "dev-master": "1.0-dev"
                }
            },
            "autoload": {
                "psr-4": {
                    "chdemko\\BitArray\\": "src/BitArray"
                }
            },
            "notification-url": "https://packagist.org/downloads/",
            "license": [
                "CECILL-B"
            ],
            "authors": [
                {
                    "name": "Christophe Demko",
                    "email": "chdemko@gmail.com",
                    "homepage": "http://chdemko.com",
                    "role": "Developer"
                }
            ],
            "description": "BitArray for PHP >= 5.4",
            "homepage": "http://github.com/chdemko/php-bitarray",
            "keywords": [
                "array",
                "bits",
                "iterator"
            ],
            "support": {
                "issues": "https://github.com/chdemko/php-bitarray/issues",
                "source": "https://github.com/chdemko/php-bitarray/tree/master"
            },
            "time": "2014-06-18T12:21:40+00:00"
        },
        {
            "name": "container-interop/container-interop",
            "version": "1.2.0",
            "source": {
                "type": "git",
                "url": "https://github.com/container-interop/container-interop.git",
                "reference": "79cbf1341c22ec75643d841642dd5d6acd83bdb8"
            },
            "dist": {
                "type": "zip",
                "url": "https://api.github.com/repos/container-interop/container-interop/zipball/79cbf1341c22ec75643d841642dd5d6acd83bdb8",
                "reference": "79cbf1341c22ec75643d841642dd5d6acd83bdb8",
                "shasum": ""
            },
            "require": {
                "psr/container": "^1.0"
            },
            "type": "library",
            "autoload": {
                "psr-4": {
                    "Interop\\Container\\": "src/Interop/Container/"
                }
            },
            "notification-url": "https://packagist.org/downloads/",
            "license": [
                "MIT"
            ],
            "description": "Promoting the interoperability of container objects (DIC, SL, etc.)",
            "homepage": "https://github.com/container-interop/container-interop",
            "support": {
                "issues": "https://github.com/container-interop/container-interop/issues",
                "source": "https://github.com/container-interop/container-interop/tree/master"
            },
            "abandoned": "psr/container",
            "time": "2017-02-14T19:40:03+00:00"
        },
        {
            "name": "jasongrimes/paginator",
            "version": "1.0.2",
            "source": {
                "type": "git",
                "url": "https://github.com/jasongrimes/php-paginator.git",
                "reference": "8b18245b8a9dbdf69918ebd1e1f4a229a06030cd"
            },
            "dist": {
                "type": "zip",
                "url": "https://api.github.com/repos/jasongrimes/php-paginator/zipball/8b18245b8a9dbdf69918ebd1e1f4a229a06030cd",
                "reference": "8b18245b8a9dbdf69918ebd1e1f4a229a06030cd",
                "shasum": ""
            },
            "require": {
                "php": ">=5.3.0"
            },
            "require-dev": {
                "phpunit/phpunit": "~4.2"
            },
            "type": "library",
            "autoload": {
                "psr-0": {
                    "JasonGrimes": "src/"
                }
            },
            "notification-url": "https://packagist.org/downloads/",
            "license": [
                "MIT"
            ],
            "authors": [
                {
                    "name": "Jason Grimes",
                    "email": "jason@grimesit.com"
                }
            ],
            "description": "A lightweight PHP paginator, for generating pagination controls in the style of Stack Overflow and Flickr. The 'first' and 'last' page links are shown inline as page numbers, and excess page numbers are replaced by ellipses.",
            "homepage": "http://github.com/jasongrimes/php-paginator",
            "keywords": [
                "pager",
                "pagination",
                "paginator"
            ],
            "support": {
                "issues": "https://github.com/jasongrimes/php-paginator/issues",
                "source": "https://github.com/jasongrimes/php-paginator/tree/master"
            },
            "time": "2015-10-15T09:42:44+00:00"
        },
        {
            "name": "jdorn/sql-formatter",
            "version": "v1.2.17",
            "source": {
                "type": "git",
                "url": "https://github.com/jdorn/sql-formatter.git",
                "reference": "64990d96e0959dff8e059dfcdc1af130728d92bc"
            },
            "dist": {
                "type": "zip",
                "url": "https://api.github.com/repos/jdorn/sql-formatter/zipball/64990d96e0959dff8e059dfcdc1af130728d92bc",
                "reference": "64990d96e0959dff8e059dfcdc1af130728d92bc",
                "shasum": ""
            },
            "require": {
                "php": ">=5.2.4"
            },
            "require-dev": {
                "phpunit/phpunit": "3.7.*"
            },
            "type": "library",
            "extra": {
                "branch-alias": {
                    "dev-master": "1.3.x-dev"
                }
            },
            "autoload": {
                "classmap": [
                    "lib"
                ]
            },
            "notification-url": "https://packagist.org/downloads/",
            "license": [
                "MIT"
            ],
            "authors": [
                {
                    "name": "Jeremy Dorn",
                    "email": "jeremy@jeremydorn.com",
                    "homepage": "http://jeremydorn.com/"
                }
            ],
            "description": "a PHP SQL highlighting library",
            "homepage": "https://github.com/jdorn/sql-formatter/",
            "keywords": [
                "highlight",
                "sql"
            ],
            "support": {
                "issues": "https://github.com/jdorn/sql-formatter/issues",
                "source": "https://github.com/jdorn/sql-formatter/tree/master"
            },
            "time": "2014-01-12T16:20:24+00:00"
        },
        {
            "name": "jmathai/php-multi-curl",
            "version": "dev-master",
            "source": {
                "type": "git",
                "url": "https://github.com/jmathai/php-multi-curl.git",
                "reference": "ee0917264ab4ef15cf5b318a2dc7b4ac5e5847c7"
            },
            "dist": {
                "type": "zip",
                "url": "https://api.github.com/repos/jmathai/php-multi-curl/zipball/ee0917264ab4ef15cf5b318a2dc7b4ac5e5847c7",
                "reference": "ee0917264ab4ef15cf5b318a2dc7b4ac5e5847c7",
                "shasum": ""
            },
            "require-dev": {
                "phpunit/phpunit": "4.0.*"
            },
            "default-branch": true,
            "type": "library",
            "autoload": {
                "psr-4": {
                    "JMathai\\PhpMultiCurl\\": "src"
                }
            },
            "notification-url": "https://packagist.org/downloads/",
            "license": [
                "Apache"
            ],
            "description": "A high performance PHP library for asynchronous curl http calls.",
            "keywords": [
                "asynchronous",
                "curl",
                "parallel",
                "php-multi-curl"
            ],
            "support": {
                "issues": "https://github.com/jmathai/php-multi-curl/issues",
                "source": "https://github.com/jmathai/php-multi-curl/tree/master"
            },
            "funding": [
                {
                    "url": "https://github.com/jmathai",
                    "type": "github"
                }
            ],
            "time": "2020-12-17T07:34:16+00:00"
        },
        {
            "name": "katzgrau/klogger",
            "version": "1.2.0",
            "source": {
                "type": "git",
                "url": "https://github.com/katzgrau/KLogger.git",
                "reference": "87735262be7c3bd210740b5cd4831dee3d827c46"
            },
            "dist": {
                "type": "zip",
                "url": "https://api.github.com/repos/katzgrau/KLogger/zipball/87735262be7c3bd210740b5cd4831dee3d827c46",
                "reference": "87735262be7c3bd210740b5cd4831dee3d827c46",
                "shasum": ""
            },
            "require": {
                "php": ">=5.3",
                "psr/log": "1.0.0"
            },
            "require-dev": {
                "phpunit/phpunit": "4.0.*"
            },
            "type": "library",
            "autoload": {
                "psr-4": {
                    "Katzgrau\\KLogger\\": "src/"
                },
                "classmap": [
                    "src/"
                ]
            },
            "notification-url": "https://packagist.org/downloads/",
            "license": [
                "MIT"
            ],
            "authors": [
                {
                    "name": "Kenny Katzgrau",
                    "email": "katzgrau@gmail.com"
                },
                {
                    "name": "Dan Horrigan",
                    "email": "dan@dhorrigan.com"
                }
            ],
            "description": "A Simple Logging Class",
            "keywords": [
                "logging"
            ],
            "support": {
                "issues": "https://github.com/katzgrau/KLogger/issues",
                "source": "https://github.com/katzgrau/KLogger/tree/1.2.0"
            },
            "time": "2015-11-04T22:43:22+00:00"
        },
        {
            "name": "mouf/picotainer",
            "version": "v1.1.0",
            "source": {
                "type": "git",
                "url": "https://github.com/thecodingmachine/picotainer.git",
                "reference": "83737d6af8534c35e0d4cd2f0afd1e2e6c0ad7d4"
            },
            "dist": {
                "type": "zip",
                "url": "https://api.github.com/repos/thecodingmachine/picotainer/zipball/83737d6af8534c35e0d4cd2f0afd1e2e6c0ad7d4",
                "reference": "83737d6af8534c35e0d4cd2f0afd1e2e6c0ad7d4",
                "shasum": ""
            },
            "require": {
                "container-interop/container-interop": "~1.2",
                "psr/container": "^1.0"
            },
            "require-dev": {
                "phpunit/phpunit": "~4.8",
                "satooshi/php-coveralls": "~1.0"
            },
            "type": "library",
            "autoload": {
                "psr-4": {
                    "Mouf\\Picotainer\\": "src/"
                }
            },
            "notification-url": "https://packagist.org/downloads/",
            "license": [
                "MIT"
            ],
            "authors": [
                {
                    "name": "David Négrier",
                    "email": "d.negrier@thecodingmachine.com",
                    "homepage": "http://mouf-php.com"
                }
            ],
            "description": "This package contains a really minimalist dependency injection container compatible with container-interop.",
            "homepage": "http://mouf-php.com",
            "keywords": [
                "container-interop",
                "dependency injection",
                "di"
            ],
            "support": {
                "issues": "https://github.com/thecodingmachine/picotainer/issues",
                "source": "https://github.com/thecodingmachine/picotainer/tree/1.1"
            },
            "time": "2017-03-09T09:19:17+00:00"
        },
        {
            "name": "pelago/emogrifier",
            "version": "v5.0.1",
            "source": {
                "type": "git",
                "url": "https://github.com/MyIntervals/emogrifier.git",
                "reference": "37595a9bb62c3c25969bdd9e8d7dd24c3ac62bc9"
            },
            "dist": {
                "type": "zip",
                "url": "https://api.github.com/repos/MyIntervals/emogrifier/zipball/37595a9bb62c3c25969bdd9e8d7dd24c3ac62bc9",
                "reference": "37595a9bb62c3c25969bdd9e8d7dd24c3ac62bc9",
                "shasum": ""
            },
            "require": {
                "ext-dom": "*",
                "ext-libxml": "*",
                "php": "~7.1.0 || ~7.2.0 || ~7.3.0 || ~7.4.0 || ~8.0.0",
                "symfony/css-selector": "^3.4.32 || ^4.4 || ^5.1"
            },
            "require-dev": {
                "php-parallel-lint/php-parallel-lint": "^1.2.0",
                "rawr/cross-data-providers": "^2.3.0",
                "slevomat/coding-standard": "^6.4.1",
                "squizlabs/php_codesniffer": "^3.5.8"
            },
            "type": "library",
            "extra": {
                "branch-alias": {
                    "dev-main": "6.0.x-dev"
                }
            },
            "autoload": {
                "psr-4": {
                    "Pelago\\Emogrifier\\": "src/"
                }
            },
            "notification-url": "https://packagist.org/downloads/",
            "license": [
                "MIT"
            ],
            "authors": [
                {
                    "name": "Oliver Klee",
                    "email": "github@oliverklee.de"
                },
                {
                    "name": "Zoli Szabó",
                    "email": "zoli.szabo+github@gmail.com"
                },
                {
                    "name": "John Reeve",
                    "email": "jreeve@pelagodesign.com"
                },
                {
                    "name": "Jake Hotson",
                    "email": "jake@qzdesign.co.uk"
                },
                {
                    "name": "Cameron Brooks"
                },
                {
                    "name": "Jaime Prado"
                }
            ],
            "description": "Converts CSS styles into inline style attributes in your HTML code",
            "homepage": "https://www.myintervals.com/emogrifier.php",
            "keywords": [
                "css",
                "email",
                "pre-processing"
            ],
            "support": {
                "issues": "https://github.com/MyIntervals/emogrifier/issues",
                "source": "https://github.com/MyIntervals/emogrifier"
            },
            "time": "2021-04-06T08:18:22+00:00"
        },
        {
            "name": "psr/container",
            "version": "1.1.2",
            "source": {
                "type": "git",
                "url": "https://github.com/php-fig/container.git",
                "reference": "513e0666f7216c7459170d56df27dfcefe1689ea"
            },
            "dist": {
                "type": "zip",
                "url": "https://api.github.com/repos/php-fig/container/zipball/513e0666f7216c7459170d56df27dfcefe1689ea",
                "reference": "513e0666f7216c7459170d56df27dfcefe1689ea",
                "shasum": ""
            },
            "require": {
                "php": ">=7.4.0"
            },
            "type": "library",
            "autoload": {
                "psr-4": {
                    "Psr\\Container\\": "src/"
                }
            },
            "notification-url": "https://packagist.org/downloads/",
            "license": [
                "MIT"
            ],
            "authors": [
                {
                    "name": "PHP-FIG",
                    "homepage": "https://www.php-fig.org/"
                }
            ],
            "description": "Common Container Interface (PHP FIG PSR-11)",
            "homepage": "https://github.com/php-fig/container",
            "keywords": [
                "PSR-11",
                "container",
                "container-interface",
                "container-interop",
                "psr"
            ],
            "support": {
                "issues": "https://github.com/php-fig/container/issues",
                "source": "https://github.com/php-fig/container/tree/1.1.2"
            },
            "time": "2021-11-05T16:50:12+00:00"
        },
        {
            "name": "psr/log",
            "version": "1.0.0",
            "source": {
                "type": "git",
                "url": "https://github.com/php-fig/log.git",
                "reference": "fe0936ee26643249e916849d48e3a51d5f5e278b"
            },
            "dist": {
                "type": "zip",
                "url": "https://api.github.com/repos/php-fig/log/zipball/fe0936ee26643249e916849d48e3a51d5f5e278b",
                "reference": "fe0936ee26643249e916849d48e3a51d5f5e278b",
                "shasum": ""
            },
            "type": "library",
            "autoload": {
                "psr-0": {
                    "Psr\\Log\\": ""
                }
            },
            "notification-url": "https://packagist.org/downloads/",
            "license": [
                "MIT"
            ],
            "authors": [
                {
                    "name": "PHP-FIG",
                    "homepage": "http://www.php-fig.org/"
                }
            ],
            "description": "Common interface for logging libraries",
            "keywords": [
                "log",
                "psr",
                "psr-3"
            ],
            "support": {
                "issues": "https://github.com/php-fig/log/issues",
                "source": "https://github.com/php-fig/log/tree/1.0.0"
            },
            "time": "2012-12-21T11:40:51+00:00"
        },
        {
            "name": "setasign/tfpdf",
            "version": "v1.32",
            "source": {
                "type": "git",
                "url": "https://github.com/Setasign/tFPDF.git",
                "reference": "a879b83485c263605cbf98ab2e8fdd4d37ca2707"
            },
            "dist": {
                "type": "zip",
                "url": "https://api.github.com/repos/Setasign/tFPDF/zipball/a879b83485c263605cbf98ab2e8fdd4d37ca2707",
                "reference": "a879b83485c263605cbf98ab2e8fdd4d37ca2707",
                "shasum": ""
            },
            "type": "library",
            "autoload": {
                "classmap": [
                    "tfpdf.php",
                    "font/unifont/ttfonts.php"
                ]
            },
            "notification-url": "https://packagist.org/downloads/",
            "license": [
                "LGPL-2.1"
            ],
            "authors": [
                {
                    "name": "Ian Back"
                },
                {
                    "name": "Tycho Veltmeijer",
                    "email": "tfpdf@tychoveltmeijer.nl",
                    "role": "Maintainer"
                },
                {
                    "name": "Olivier Plathey",
                    "email": "oliver@fpdf.org",
                    "homepage": "http://fpdf.org/"
                }
            ],
            "description": "This class is a modified version of FPDF that adds UTF-8 support. As of version 1.31 it is based on FPDF 1.82. Before it was based on FPDF 1.7.",
            "homepage": "http://fpdf.org/en/script/script92.php",
            "keywords": [
                "fpdf",
                "pdf",
                "tfpdf",
                "unicode"
            ],
            "support": {
                "issues": "https://github.com/Setasign/tFPDF/issues",
                "source": "https://github.com/Setasign/tFPDF/tree/master"
            },
            "time": "2020-08-31T07:28:46+00:00"
        },
        {
            "name": "symfony/css-selector",
            "version": "v3.4.47",
            "source": {
                "type": "git",
                "url": "https://github.com/symfony/css-selector.git",
                "reference": "da3d9da2ce0026771f5fe64cb332158f1bd2bc33"
            },
            "dist": {
                "type": "zip",
                "url": "https://api.github.com/repos/symfony/css-selector/zipball/da3d9da2ce0026771f5fe64cb332158f1bd2bc33",
                "reference": "da3d9da2ce0026771f5fe64cb332158f1bd2bc33",
                "shasum": ""
            },
            "require": {
                "php": "^5.5.9|>=7.0.8"
            },
            "type": "library",
            "autoload": {
                "psr-4": {
                    "Symfony\\Component\\CssSelector\\": ""
                },
                "exclude-from-classmap": [
                    "/Tests/"
                ]
            },
            "notification-url": "https://packagist.org/downloads/",
            "license": [
                "MIT"
            ],
            "authors": [
                {
                    "name": "Fabien Potencier",
                    "email": "fabien@symfony.com"
                },
                {
                    "name": "Jean-François Simon",
                    "email": "jeanfrancois.simon@sensiolabs.com"
                },
                {
                    "name": "Symfony Community",
                    "homepage": "https://symfony.com/contributors"
                }
            ],
            "description": "Symfony CssSelector Component",
            "homepage": "https://symfony.com",
            "support": {
                "source": "https://github.com/symfony/css-selector/tree/v3.4.47"
            },
            "funding": [
                {
                    "url": "https://symfony.com/sponsor",
                    "type": "custom"
                },
                {
                    "url": "https://github.com/fabpot",
                    "type": "github"
                },
                {
                    "url": "https://tidelift.com/funding/github/packagist/symfony/symfony",
                    "type": "tidelift"
                }
            ],
            "time": "2020-10-24T10:57:07+00:00"
        },
        {
            "name": "symfony/filesystem",
            "version": "v3.4.0",
            "source": {
                "type": "git",
                "url": "https://github.com/symfony/filesystem.git",
                "reference": "de56eee71e0a128d8c54ccc1909cdefd574bad0f"
            },
            "dist": {
                "type": "zip",
                "url": "https://api.github.com/repos/symfony/filesystem/zipball/de56eee71e0a128d8c54ccc1909cdefd574bad0f",
                "reference": "de56eee71e0a128d8c54ccc1909cdefd574bad0f",
                "shasum": ""
            },
            "require": {
                "php": "^5.5.9|>=7.0.8"
            },
            "type": "library",
            "extra": {
                "branch-alias": {
                    "dev-master": "3.4-dev"
                }
            },
            "autoload": {
                "psr-4": {
                    "Symfony\\Component\\Filesystem\\": ""
                },
                "exclude-from-classmap": [
                    "/Tests/"
                ]
            },
            "notification-url": "https://packagist.org/downloads/",
            "license": [
                "MIT"
            ],
            "authors": [
                {
                    "name": "Fabien Potencier",
                    "email": "fabien@symfony.com"
                },
                {
                    "name": "Symfony Community",
                    "homepage": "https://symfony.com/contributors"
                }
            ],
            "description": "Symfony Filesystem Component",
            "homepage": "https://symfony.com",
            "support": {
                "source": "https://github.com/symfony/filesystem/tree/3.4"
            },
            "time": "2017-11-19T18:59:05+00:00"
        }
    ],
    "packages-dev": [],
    "aliases": [],
    "minimum-stability": "stable",
    "stability-flags": {
        "jmathai/php-multi-curl": 20
    },
    "prefer-stable": false,
    "prefer-lowest": false,
    "platform": [],
    "platform-dev": [],
    "plugin-api-version": "2.0.0"
}
